
Microsoft Visual Studio Solution File, Format Version 12.00
# Visual Studio 2017
Project("{FAE04EC0-301F-11D3-BF4B-00C04F79EFBC}") = "GridTestV01", "GridTestV01.csproj", "{3C654DB0-31E9-C6D5-9251-D3466D4CFFDD}"
EndProject
Global
	GlobalSection(SolutionConfigurationPlatforms) = preSolution
		Debug|Any CPU = Debug|Any CPU
		Release|Any CPU = Release|Any CPU
	EndGlobalSection
	GlobalSection(ProjectConfigurationPlatforms) = postSolution
		{3C654DB0-31E9-C6D5-9251-D3466D4CFFDD}.Debug|Any CPU.ActiveCfg = Debug|Any CPU
		{3C654DB0-31E9-C6D5-9251-D3466D4CFFDD}.Debug|Any CPU.Build.0 = Debug|Any CPU
		{3C654DB0-31E9-C6D5-9251-D3466D4CFFDD}.Release|Any CPU.ActiveCfg = Release|Any CPU
		{3C654DB0-31E9-C6D5-9251-D3466D4CFFDD}.Release|Any CPU.Build.0 = Release|Any CPU
	EndGlobalSection
	GlobalSection(SolutionProperties) = preSolution
		HideSolutionNode = FALSE
	EndGlobalSection
EndGlobal
